
Microsoft Visual Studio Solution File, Format Version 12.00
# Visual Studio Version 17
VisualStudioVersion = 17.13.35931.197 d17.13
MinimumVisualStudioVersion = 10.0.40219.1
Project("{FAE04EC0-301F-11D3-BF4B-00C04F79EFBC}") = "InmobilariaTopicos", "InmobilariaTopicos\InmobilariaTopicos.csproj", "{45B10B33-38F7-4496-9A4A-2EF245E94333}"
EndProject
Global
	GlobalSection(SolutionConfigurationPlatforms) = preSolution
		Debug|Any CPU = Debug|Any CPU
		Release|Any CPU = Release|Any CPU
	EndGlobalSection
	GlobalSection(ProjectConfigurationPlatforms) = postSolution
		{45B10B33-38F7-4496-9A4A-2EF245E94333}.Debug|Any CPU.ActiveCfg = Debug|Any CPU
		{45B10B33-38F7-4496-9A4A-2EF245E94333}.Debug|Any CPU.Build.0 = Debug|Any CPU
		{45B10B33-38F7-4496-9A4A-2EF245E94333}.Release|Any CPU.ActiveCfg = Release|Any CPU
		{45B10B33-38F7-4496-9A4A-2EF245E94333}.Release|Any CPU.Build.0 = Release|Any CPU
	EndGlobalSection
	GlobalSection(SolutionProperties) = preSolution
		HideSolutionNode = FALSE
	EndGlobalSection
	GlobalSection(ExtensibilityGlobals) = postSolution
		SolutionGuid = {E056E162-47F8-4FC5-8645-0BAC1FD2E6BA}
	EndGlobalSection
EndGlobal
